{
  "requires": true,
  "lockfileVersion": 1,
  "dependencies": {
    "chart.js": {
      "version": "3.5.1",
      "resolved": "https://registry.npmjs.org/chart.js/-/chart.js-3.5.1.tgz",
      "integrity": "sha512-m5kzt72I1WQ9LILwQC4syla/LD/N413RYv2Dx2nnTkRS9iv/ey1xLTt0DnPc/eWV4zI+BgEgDYBIzbQhZHc/PQ=="
    },
    "jquery": {
      "version": "3.6.0",
      "resolved": "https://registry.npmjs.org/jquery/-/jquery-3.6.0.tgz",
      "integrity": "sha512-JVzAR/AjBvVt2BmYhxRCSYysDsPcssdmTFnzyLEts9qNwmjmu4JTAMYubEfwVOSwpQ1I1sKKFcxhZCI2buerfw=="
    },
    "leaflet.migration": {
      "version": "2.2.0",
      "resolved": "https://registry.npmjs.org/leaflet.migration/-/leaflet.migration-2.2.0.tgz",
      "integrity": "sha512-Z+t0hdtWO+HnyvgRYD687o3bSZlx6pAGtmkNvEmjrapF2FFZpduaBlb1nY+HAlJUNJZN10JcdagxtCnUl20TZw==",
      "requires": {
        "uc-fun": "^0.4.3"
      }
    },
    "uc-fun": {
      "version": "0.4.3",
      "resolved": "https://registry.npmjs.org/uc-fun/-/uc-fun-0.4.3.tgz",
      "integrity": "sha512-HN5+NJTvQE99/cYiwGF6Yu4opAwBq98IIeCV1+MVdz8lR69Th3Rta7960T/m3I+1Jr/YkT/rcDZ8enMtPdLADQ=="
    }
  }
}
